{
  "name": "mainapp",
  "version": "1.0.0",
  "lockfileVersion": 1,
  "requires": true,
  "dependencies": {
    "apputility": {
      "version": "2.2.2",
      "resolved": "https://registry.npmjs.org/apputility/-/apputility-2.2.2.tgz",
      "integrity": "sha512-fF2Y6dbwVM9xz8fyDMI+6VjWOlHwHvkovS1ZPypF9mtZNcEzFc6uG1okJvvUZmZ4aU6D1gPsFugj2A5s54ffug=="
    }
  }
}
